
Microsoft Visual Studio Solution File, Format Version 12.00
# Visual Studio Version 17
VisualStudioVersion = 17.10.34916.146
MinimumVisualStudioVersion = 10.0.40219.1
Project("{FAE04EC0-301F-11D3-BF4B-00C04F79EFBC}") = "文件夹定位工具", "文件夹定位工具\文件夹定位工具.csproj", "{EAED99EF-0B51-43A2-845C-EBF5F981BF29}"
EndProject
Global
	GlobalSection(SolutionConfigurationPlatforms) = preSolution
		Debug|Any CPU = Debug|Any CPU
		Release|Any CPU = Release|Any CPU
	EndGlobalSection
	GlobalSection(ProjectConfigurationPlatforms) = postSolution
		{EAED99EF-0B51-43A2-845C-EBF5F981BF29}.Debug|Any CPU.ActiveCfg = Debug|Any CPU
		{EAED99EF-0B51-43A2-845C-EBF5F981BF29}.Debug|Any CPU.Build.0 = Debug|Any CPU
		{EAED99EF-0B51-43A2-845C-EBF5F981BF29}.Release|Any CPU.ActiveCfg = Release|Any CPU
		{EAED99EF-0B51-43A2-845C-EBF5F981BF29}.Release|Any CPU.Build.0 = Release|Any CPU
	EndGlobalSection
	GlobalSection(SolutionProperties) = preSolution
		HideSolutionNode = FALSE
	EndGlobalSection
	GlobalSection(ExtensibilityGlobals) = postSolution
		SolutionGuid = {4B320BFD-3B0C-41FC-BB45-C7EDD0A98F0F}
	EndGlobalSection
EndGlobal
